
Microsoft Visual Studio Solution File, Format Version 12.00
# Visual Studio Version 17
VisualStudioVersion = 17.7.34202.233
MinimumVisualStudioVersion = 10.0.40219.1
Project("{8BC9CEB8-8B4A-11D0-8D11-00A0C91BC942}") = "NFA_to_DFA", "NFA_to_DFA\NFA_to_DFA.vcxproj", "{338CE4FA-6352-41CC-8EFB-88A08419B92B}"
EndProject
Global
	GlobalSection(SolutionConfigurationPlatforms) = preSolution
		Debug|x64 = Debug|x64
		Debug|x86 = Debug|x86
		Release|x64 = Release|x64
		Release|x86 = Release|x86
	EndGlobalSection
	GlobalSection(ProjectConfigurationPlatforms) = postSolution
		{338CE4FA-6352-41CC-8EFB-88A08419B92B}.Debug|x64.ActiveCfg = Debug|x64
		{338CE4FA-6352-41CC-8EFB-88A08419B92B}.Debug|x64.Build.0 = Debug|x64
		{338CE4FA-6352-41CC-8EFB-88A08419B92B}.Debug|x86.ActiveCfg = Debug|Win32
		{338CE4FA-6352-41CC-8EFB-88A08419B92B}.Debug|x86.Build.0 = Debug|Win32
		{338CE4FA-6352-41CC-8EFB-88A08419B92B}.Release|x64.ActiveCfg = Release|x64
		{338CE4FA-6352-41CC-8EFB-88A08419B92B}.Release|x64.Build.0 = Release|x64
		{338CE4FA-6352-41CC-8EFB-88A08419B92B}.Release|x86.ActiveCfg = Release|Win32
		{338CE4FA-6352-41CC-8EFB-88A08419B92B}.Release|x86.Build.0 = Release|Win32
	EndGlobalSection
	GlobalSection(SolutionProperties) = preSolution
		HideSolutionNode = FALSE
	EndGlobalSection
	GlobalSection(ExtensibilityGlobals) = postSolution
		SolutionGuid = {4642CD53-BFA1-4A7F-A7E9-3BB8F77FC31E}
	EndGlobalSection
EndGlobal
